
Microsoft Visual Studio Solution File, Format Version 12.00
# Visual Studio Version 16
VisualStudioVersion = 16.0.29728.190
MinimumVisualStudioVersion = 10.0.40219.1
Project("{FAE04EC0-301F-11D3-BF4B-00C04F79EFBC}") = "Our.Umbraco.WysiwygGrid", "Our.Umbraco.WysiwygGrid\Our.Umbraco.WysiwygGrid.csproj", "{2F329DEE-1CC3-4853-BA59-E4B63F1CA0D7}"
EndProject
Global
	GlobalSection(SolutionConfigurationPlatforms) = preSolution
		Debug|Any CPU = Debug|Any CPU
		Release|Any CPU = Release|Any CPU
	EndGlobalSection
	GlobalSection(ProjectConfigurationPlatforms) = postSolution
		{2F329DEE-1CC3-4853-BA59-E4B63F1CA0D7}.Debug|Any CPU.ActiveCfg = Debug|Any CPU
		{2F329DEE-1CC3-4853-BA59-E4B63F1CA0D7}.Debug|Any CPU.Build.0 = Debug|Any CPU
		{2F329DEE-1CC3-4853-BA59-E4B63F1CA0D7}.Release|Any CPU.ActiveCfg = Release|Any CPU
		{2F329DEE-1CC3-4853-BA59-E4B63F1CA0D7}.Release|Any CPU.Build.0 = Release|Any CPU
	EndGlobalSection
	GlobalSection(SolutionProperties) = preSolution
		HideSolutionNode = FALSE
	EndGlobalSection
	GlobalSection(ExtensibilityGlobals) = postSolution
		SolutionGuid = {A0D9CAEF-97E9-4F62-B145-766D2A7E6C6E}
	EndGlobalSection
EndGlobal
